
Microsoft Visual Studio Solution File, Format Version 12.00
# Visual Studio 14
VisualStudioVersion = 14.0.24720.0
MinimumVisualStudioVersion = 10.0.40219.1
Project("{FAE04EC0-301F-11D3-BF4B-00C04F79EFBC}") = "SharpDictionary", "SharpDictionary\SharpDictionary.csproj", "{DF81212E-74F4-4FC8-94A7-88EF57AAAC71}"
EndProject
Global
	GlobalSection(SolutionConfigurationPlatforms) = preSolution
		Debug|Any CPU = Debug|Any CPU
		Release|Any CPU = Release|Any CPU
	EndGlobalSection
	GlobalSection(ProjectConfigurationPlatforms) = postSolution
		{DF81212E-74F4-4FC8-94A7-88EF57AAAC71}.Debug|Any CPU.ActiveCfg = Debug|Any CPU
		{DF81212E-74F4-4FC8-94A7-88EF57AAAC71}.Debug|Any CPU.Build.0 = Debug|Any CPU
		{DF81212E-74F4-4FC8-94A7-88EF57AAAC71}.Release|Any CPU.ActiveCfg = Release|Any CPU
		{DF81212E-74F4-4FC8-94A7-88EF57AAAC71}.Release|Any CPU.Build.0 = Release|Any CPU
	EndGlobalSection
	GlobalSection(SolutionProperties) = preSolution
		HideSolutionNode = FALSE
	EndGlobalSection
EndGlobal
